// !$*UTF8*$!
{
	archiveVersion = 1;
	classes = {
	};
	objectVersion = 50;
	objects = {

/* Begin PBXBuildFile section */
		CEAFF7282463FB58004421C9 /* AppDelegate.swift in Sources */ = {isa = PBXBuildFile; fileRef = CEAFF7272463FB58004421C9 /* AppDelegate.swift */; };
		CEAFF72A2463FB58004421C9 /* SceneDelegate.swift in Sources */ = {isa = PBXBuildFile; fileRef = CEAFF7292463FB58004421C9 /* SceneDelegate.swift */; };
		CEAFF7312463FB5A004421C9 /* Assets.xcassets in Resources */ = {isa = PBXBuildFile; fileRef = CEAFF7302463FB5A004421C9 /* Assets.xcassets */; };
		CEAFF7342463FB5A004421C9 /* LaunchScreen.storyboard in Resources */ = {isa = PBXBuildFile; fileRef = CEAFF7322463FB5A004421C9 /* LaunchScreen.storyboard */; };
		CEAFF73F2463FCB1004421C9 /* ViewController1.swift in Sources */ = {isa = PBXBuildFile; fileRef = CEAFF73D2463FCB1004421C9 /* ViewController1.swift */; };
		CEAFF7402463FCB1004421C9 /* ViewController1.xib in Resources */ = {isa = PBXBuildFile; fileRef = CEAFF73E2463FCB1004421C9 /* ViewController1.xib */; };
		CEAFF7432463FCC4004421C9 /* ViewController2.swift in Sources */ = {isa = PBXBuildFile; fileRef = CEAFF7412463FCC4004421C9 /* ViewController2.swift */; };
		CEAFF7442463FCC4004421C9 /* ViewController2.xib in Resources */ = {isa = PBXBuildFile; fileRef = CEAFF7422463FCC4004421C9 /* ViewController2.xib */; };
		CEAFF7472463FD70004421C9 /* PageViewController.swift in Sources */ = {isa = PBXBuildFile; fileRef = CEAFF7452463FD70004421C9 /* PageViewController.swift */; };
		CEAFF7482463FD70004421C9 /* PageViewController.xib in Resources */ = {isa = PBXBuildFile; fileRef = CEAFF7462463FD70004421C9 /* PageViewController.xib */; };
/* End PBXBuildFile section */

/* Begin PBXFileReference section */
		CEAFF7242463FB58004421C9 /* PVC.app */ = {isa = PBXFileReference; explicitFileType = wrapper.application; includeInIndex = 0; path = PVC.app; sourceTree = BUILT_PRODUCTS_DIR; };
		CEAFF7272463FB58004421C9 /* AppDelegate.swift */ = {isa = PBXFileReference; lastKnownFileType = sourcecode.swift; path = AppDelegate.swift; sourceTree = "<group>"; };
		CEAFF7292463FB58004421C9 /* SceneDelegate.swift */ = {isa = PBXFileReference; lastKnownFileType = sourcecode.swift; path = SceneDelegate.swift; sourceTree = "<group>"; };
		CEAFF7302463FB5A004421C9 /* Assets.xcassets */ = {isa = PBXFileReference; lastKnownFileType = folder.assetcatalog; path = Assets.xcassets; sourceTree = "<group>"; };
		CEAFF7332463FB5A004421C9 /* Base */ = {isa = PBXFileReference; lastKnownFileType = file.storyboard; name = Base; path = Base.lproj/LaunchScreen.storyboard; sourceTree = "<group>"; };
		CEAFF7352463FB5A004421C9 /* Info.plist */ = {isa = PBXFileReference; lastKnownFileType = text.plist.xml; path = Info.plist; sourceTree = "<group>"; };
		CEAFF73D2463FCB1004421C9 /* ViewController1.swift */ = {isa = PBXFileReference; lastKnownFileType = sourcecode.swift; path = ViewController1.swift; sourceTree = "<group>"; };
		CEAFF73E2463FCB1004421C9 /* ViewController1.xib */ = {isa = PBXFileReference; lastKnownFileType = file.xib; path = ViewController1.xib; sourceTree = "<group>"; };
		CEAFF7412463FCC4004421C9 /* ViewController2.swift */ = {isa = PBXFileReference; lastKnownFileType = sourcecode.swift; path = ViewController2.swift; sourceTree = "<group>"; };
		CEAFF7422463FCC4004421C9 /* ViewController2.xib */ = {isa = PBXFileReference; lastKnownFileType = file.xib; path = ViewController2.xib; sourceTree = "<group>"; };
		CEAFF7452463FD70004421C9 /* PageViewController.swift */ = {isa = PBXFileReference; lastKnownFileType = sourcecode.swift; path = PageViewController.swift; sourceTree = "<group>"; };
		CEAFF7462463FD70004421C9 /* PageViewController.xib */ = {isa = PBXFileReference; lastKnownFileType = file.xib; path = PageViewController.xib; sourceTree = "<group>"; };
/* End PBXFileReference section */

/* Begin PBXFrameworksBuildPhase section */
		CEAFF7212463FB58004421C9 /* Frameworks */ = {
			isa = PBXFrameworksBuildPhase;
			buildActionMask = 2147483647;
			files = (
			);
			runOnlyForDeploymentPostprocessing = 0;
		};
/* End PBXFrameworksBuildPhase section */

/* Begin PBXGroup section */
		CEAFF71B2463FB58004421C9 = {
			isa = PBXGroup;
			children = (
				CEAFF7262463FB58004421C9 /* PVC */,
				CEAFF7252463FB58004421C9 /* Products */,
			);
			sourceTree = "<group>";
		};
		CEAFF7252463FB58004421C9 /* Products */ = {
			isa = PBXGroup;
			children = (
				CEAFF7242463FB58004421C9 /* PVC.app */,
			);
			name = Products;
			sourceTree = "<group>";
		};
		CEAFF7262463FB58004421C9 /* PVC */ = {
			isa = PBXGroup;
			children = (
				CEAFF73C2463FC8A004421C9 /* View Controller */,
				CEAFF73B2463FB8C004421C9 /* Support */,
			);
			path = PVC;
			sourceTree = "<group>";
		};
		CEAFF73B2463FB8C004421C9 /* Support */ = {
			isa = PBXGroup;
			children = (
				CEAFF7272463FB58004421C9 /* AppDelegate.swift */,
				CEAFF7292463FB58004421C9 /* SceneDelegate.swift */,
				CEAFF7302463FB5A004421C9 /* Assets.xcassets */,
				CEAFF7322463FB5A004421C9 /* LaunchScreen.storyboard */,
				CEAFF7352463FB5A004421C9 /* Info.plist */,
			);
			path = Support;
			sourceTree = "<group>";
		};
		CEAFF73C2463FC8A004421C9 /* View Controller */ = {
			isa = PBXGroup;
			children = (
				CEAFF73D2463FCB1004421C9 /* ViewController1.swift */,
				CEAFF73E2463FCB1004421C9 /* ViewController1.xib */,
				CEAFF7412463FCC4004421C9 /* ViewController2.swift */,
				CEAFF7422463FCC4004421C9 /* ViewController2.xib */,
				CEAFF7452463FD70004421C9 /* PageViewController.swift */,
				CEAFF7462463FD70004421C9 /* PageViewController.xib */,
			);
			path = "View Controller";
			sourceTree = "<group>";
		};
/* End PBXGroup section */

/* Begin PBXNativeTarget section */
		CEAFF7232463FB58004421C9 /* PVC */ = {
			isa = PBXNativeTarget;
			buildConfigurationList = CEAFF7382463FB5A004421C9 /* Build configuration list for PBXNativeTarget "PVC" */;
			buildPhases = (
				CEAFF7202463FB58004421C9 /* Sources */,
				CEAFF7212463FB58004421C9 /* Frameworks */,
				CEAFF7222463FB58004421C9 /* Resources */,
			);
			buildRules = (
			);
			dependencies = (
			);
			name = PVC;
			productName = PVC;
			productReference = CEAFF7242463FB58004421C9 /* PVC.app */;
			productType = "com.apple.product-type.application";
		};
/* End PBXNativeTarget section */

/* Begin PBXProject section */
		CEAFF71C2463FB58004421C9 /* Project object */ = {
			isa = PBXProject;
			attributes = {
				LastSwiftUpdateCheck = 1140;
				LastUpgradeCheck = 1140;
				ORGANIZATIONNAME = vinova.Duncan;
				TargetAttributes = {
					CEAFF7232463FB58004421C9 = {
						CreatedOnToolsVersion = 11.4.1;
					};
				};
			};
			buildConfigurationList = CEAFF71F2463FB58004421C9 /* Build configuration list for PBXProject "PVC" */;
			compatibilityVersion = "Xcode 9.3";
			developmentRegion = en;
			hasScannedForEncodings = 0;
			knownRegions = (
				en,
				Base,
			);
			mainGroup = CEAFF71B2463FB58004421C9;
			productRefGroup = CEAFF7252463FB58004421C9 /* Products */;
			projectDirPath = "";
			projectRoot = "";
			targets = (
				CEAFF7232463FB58004421C9 /* PVC */,
			);
		};
/* End PBXProject section */

/* Begin PBXResourcesBuildPhase section */
		CEAFF7222463FB58004421C9 /* Resources */ = {
			isa = PBXResourcesBuildPhase;
			buildActionMask = 2147483647;
			files = (
				CEAFF7482463FD70004421C9 /* PageViewController.xib in Resources */,
				CEAFF7402463FCB1004421C9 /* ViewController1.xib in Resources */,
				CEAFF7442463FCC4004421C9 /* ViewController2.xib in Resources */,
				CEAFF7342463FB5A004421C9 /* LaunchScreen.storyboard in Resources */,
				CEAFF7312463FB5A004421C9 /* Assets.xcassets in Resources */,
			);
			runOnlyForDeploymentPostprocessing = 0;
		};
/* End PBXResourcesBuildPhase section */

/* Begin PBXSourcesBuildPhase section */
		CEAFF7202463FB58004421C9 /* Sources */ = {
			isa = PBXSourcesBuildPhase;
			buildActionMask = 2147483647;
			files = (
				CEAFF73F2463FCB1004421C9 /* ViewController1.swift in Sources */,
				CEAFF7472463FD70004421C9 /* PageViewController.swift in Sources */,
				CEAFF7432463FCC4004421C9 /* ViewController2.swift in Sources */,
				CEAFF7282463FB58004421C9 /* AppDelegate.swift in Sources */,
				CEAFF72A2463FB58004421C9 /* SceneDelegate.swift in Sources */,
			);
			runOnlyForDeploymentPostprocessing = 0;
		};
/* End PBXSourcesBuildPhase section */

/* Begin PBXVariantGroup section */
		CEAFF7322463FB5A004421C9 /* LaunchScreen.storyboard */ = {
			isa = PBXVariantGroup;
			children = (
				CEAFF7332463FB5A004421C9 /* Base */,
			);
			name = LaunchScreen.storyboard;
			sourceTree = "<group>";
		};
/* End PBXVariantGroup section */

/* Begin XCBuildConfiguration section */
		CEAFF7362463FB5A004421C9 /* Debug */ = {
			isa = XCBuildConfiguration;
			buildSettings = {
				ALWAYS_SEARCH_USER_PATHS = NO;
				CLANG_ANALYZER_NONNULL = YES;
				CLANG_ANALYZER_NUMBER_OBJECT_CONVERSION = YES_AGGRESSIVE;
				CLANG_CXX_LANGUAGE_STANDARD = "gnu++14";
				CLANG_CXX_LIBRARY = "libc++";
				CLANG_ENABLE_MODULES = YES;
				CLANG_ENABLE_OBJC_ARC = YES;
				CLANG_ENABLE_OBJC_WEAK = YES;
				CLANG_WARN_BLOCK_CAPTURE_AUTORELEASING = YES;
				CLANG_WARN_BOOL_CONVERSION = YES;
				CLANG_WARN_COMMA = YES;
				CLANG_WARN_CONSTANT_CONVERSION = YES;
				CLANG_WARN_DEPRECATED_OBJC_IMPLEMENTATIONS = YES;
				CLANG_WARN_DIRECT_OBJC_ISA_USAGE = YES_ERROR;
				CLANG_WARN_DOCUMENTATION_COMMENTS = YES;
				CLANG_WARN_EMPTY_BODY = YES;
				CLANG_WARN_ENUM_CONVERSION = YES;
				CLANG_WARN_INFINITE_RECURSION = YES;
				CLANG_WARN_INT_CONVERSION = YES;
				CLANG_WARN_NON_LITERAL_NULL_CONVERSION = YES;
				CLANG_WARN_OBJC_IMPLICIT_RETAIN_SELF = YES;
				CLANG_WARN_OBJC_LITERAL_CONVERSION = YES;
				CLANG_WARN_OBJC_ROOT_CLASS = YES_ERROR;
				CLANG_WARN_RANGE_LOOP_ANALYSIS = YES;
				CLANG_WARN_STRICT_PROTOTYPES = YES;
				CLANG_WARN_SUSPICIOUS_MOVE = YES;
				CLANG_WARN_UNGUARDED_AVAILABILITY = YES_AGGRESSIVE;
				CLANG_WARN_UNREACHABLE_CODE = YES;
				CLANG_WARN__DUPLICATE_METHOD_MATCH = YES;
				COPY_PHASE_STRIP = NO;
				DEBUG_INFORMATION_FORMAT = dwarf;
				ENABLE_STRICT_OBJC_MSGSEND = YES;
				ENABLE_TESTABILITY = YES;
				GCC_C_LANGUAGE_STANDARD = gnu11;
				GCC_DYNAMIC_NO_PIC = NO;
				GCC_NO_COMMON_BLOCKS = YES;
				GCC_OPTIMIZATION_LEVEL = 0;
				GCC_PREPROCESSOR_DEFINITIONS = (
					"DEBUG=1",
					"$(inherited)",
				);
				GCC_WARN_64_TO_32_BIT_CONVERSION = YES;
				GCC_WARN_ABOUT_RETURN_TYPE = YES_ERROR;
				GCC_WARN_UNDECLARED_SELECTOR = YES;
				GCC_WARN_UNINITIALIZED_AUTOS = YES_AGGRESSIVE;
				GCC_WARN_UNUSED_FUNCTION = YES;
				GCC_WARN_UNUSED_VARIABLE = YES;
				IPHONEOS_DEPLOYMENT_TARGET = 13.4;
				MTL_ENABLE_DEBUG_INFO = INCLUDE_SOURCE;
				MTL_FAST_MATH = YES;
				ONLY_ACTIVE_ARCH = YES;
				SDKROOT = iphoneos;
				SWIFT_ACTIVE_COMPILATION_CONDITIONS = DEBUG;
				SWIFT_OPTIMIZATION_LEVEL = "-Onone";
			};
			name = Debug;
		};
		CEAFF7372463FB5A004421C9 /* Release */ = {
			isa = XCBuildConfiguration;
			buildSettings = {
				ALWAYS_SEARCH_USER_PATHS = NO;
				CLANG_ANALYZER_NONNULL = YES;
				CLANG_ANALYZER_NUMBER_OBJECT_CONVERSION = YES_AGGRESSIVE;
				CLANG_CXX_LANGUAGE_STANDARD = "gnu++14";
				CLANG_CXX_LIBRARY = "libc++";
				CLANG_ENABLE_MODULES = YES;
				CLANG_ENABLE_OBJC_ARC = YES;
				CLANG_ENABLE_OBJC_WEAK = YES;
				CLANG_WARN_BLOCK_CAPTURE_AUTORELEASING = YES;
				CLANG_WARN_BOOL_CONVERSION = YES;
				CLANG_WARN_COMMA = YES;
				CLANG_WARN_CONSTANT_CONVERSION = YES;
				CLANG_WARN_DEPRECATED_OBJC_IMPLEMENTATIONS = YES;
				CLANG_WARN_DIRECT_OBJC_ISA_USAGE = YES_ERROR;
				CLANG_WARN_DOCUMENTATION_COMMENTS = YES;
				CLANG_WARN_EMPTY_BODY = YES;
				CLANG_WARN_ENUM_CONVERSION = YES;
				CLANG_WARN_INFINITE_RECURSION = YES;
				CLANG_WARN_INT_CONVERSION = YES;
				CLANG_WARN_NON_LITERAL_NULL_CONVERSION = YES;
				CLANG_WARN_OBJC_IMPLICIT_RETAIN_SELF = YES;
				CLANG_WARN_OBJC_LITERAL_CONVERSION = YES;
				CLANG_WARN_OBJC_ROOT_CLASS = YES_ERROR;
				CLANG_WARN_RANGE_LOOP_ANALYSIS = YES;
				CLANG_WARN_STRICT_PROTOTYPES = YES;
				CLANG_WARN_SUSPICIOUS_MOVE = YES;
				CLANG_WARN_UNGUARDED_AVAILABILITY = YES_AGGRESSIVE;
				CLANG_WARN_UNREACHABLE_CODE = YES;
				CLANG_WARN__DUPLICATE_METHOD_MATCH = YES;
				COPY_PHASE_STRIP = NO;
				DEBUG_INFORMATION_FORMAT = "dwarf-with-dsym";
				ENABLE_NS_ASSERTIONS = NO;
				ENABLE_STRICT_OBJC_MSGSEND = YES;
				GCC_C_LANGUAGE_STANDARD = gnu11;
				GCC_NO_COMMON_BLOCKS = YES;
				GCC_WARN_64_TO_32_BIT_CONVERSION = YES;
				GCC_WARN_ABOUT_RETURN_TYPE = YES_ERROR;
				GCC_WARN_UNDECLARED_SELECTOR = YES;
				GCC_WARN_UNINITIALIZED_AUTOS = YES_AGGRESSIVE;
				GCC_WARN_UNUSED_FUNCTION = YES;
				GCC_WARN_UNUSED_VARIABLE = YES;
				IPHONEOS_DEPLOYMENT_TARGET = 13.4;
				MTL_ENABLE_DEBUG_INFO = NO;
				MTL_FAST_MATH = YES;
				SDKROOT = iphoneos;
				SWIFT_COMPILATION_MODE = wholemodule;
				SWIFT_OPTIMIZATION_LEVEL = "-O";
				VALIDATE_PRODUCT = YES;
			};
			name = Release;
		};
		CEAFF7392463FB5A004421C9 /* Debug */ = {
			isa = XCBuildConfiguration;
			buildSettings = {
				ASSETCATALOG_COMPILER_APPICON_NAME = AppIcon;
				CODE_SIGN_STYLE = Automatic;
				INFOPLIST_FILE = PVC/Support/Info.plist;
				LD_RUNPATH_SEARCH_PATHS = (
					"$(inherited)",
					"@executable_path/Frameworks",
				);
				PRODUCT_BUNDLE_IDENTIFIER = vinova.Duncan.Train.PVC;
				PRODUCT_NAME = "$(TARGET_NAME)";
				SWIFT_VERSION = 5.0;
				TARGETED_DEVICE_FAMILY = "1,2";
			};
			name = Debug;
		};
		CEAFF73A2463FB5A004421C9 /* Release */ = {
			isa = XCBuildConfiguration;
			buildSettings = {
				ASSETCATALOG_COMPILER_APPICON_NAME = AppIcon;
				CODE_SIGN_STYLE = Automatic;
				INFOPLIST_FILE = PVC/Support/Info.plist;
				LD_RUNPATH_SEARCH_PATHS = (
					"$(inherited)",
					"@executable_path/Frameworks",
				);
				PRODUCT_BUNDLE_IDENTIFIER = vinova.Duncan.Train.PVC;
				PRODUCT_NAME = "$(TARGET_NAME)";
				SWIFT_VERSION = 5.0;
				TARGETED_DEVICE_FAMILY = "1,2";
			};
			name = Release;
		};
/* End XCBuildConfiguration section */

/* Begin XCConfigurationList section */
		CEAFF71F2463FB58004421C9 /* Build configuration list for PBXProject "PVC" */ = {
			isa = XCConfigurationList;
			buildConfigurations = (
				CEAFF7362463FB5A004421C9 /* Debug */,
				CEAFF7372463FB5A004421C9 /* Release */,
			);
			defaultConfigurationIsVisible = 0;
			defaultConfigurationName = Release;
		};
		CEAFF7382463FB5A004421C9 /* Build configuration list for PBXNativeTarget "PVC" */ = {
			isa = XCConfigurationList;
			buildConfigurations = (
				CEAFF7392463FB5A004421C9 /* Debug */,
				CEAFF73A2463FB5A004421C9 /* Release */,
			);
			defaultConfigurationIsVisible = 0;
			defaultConfigurationName = Release;
		};
/* End XCConfigurationList section */
	};
	rootObject = CEAFF71C2463FB58004421C9 /* Project object */;
}
